
Microsoft Visual Studio Solution File, Format Version 12.00
# Visual Studio Version 17
VisualStudioVersion = 17.2.32602.215
MinimumVisualStudioVersion = 10.0.40219.1
Project("{9A19103F-16F7-4668-BE54-9A1E7A4F7556}") = "PriceTracker.Scraper.Application", "src\PriceTracker.Scraper.Application\PriceTracker.Scraper.Application.csproj", "{299A3E24-2965-4E81-9BBE-E0263C8D35B3}"
EndProject
Project("{9A19103F-16F7-4668-BE54-9A1E7A4F7556}") = "PriceTracker.Tests", "tests\PriceTracker.Tests\PriceTracker.Tests.csproj", "{6BA7E173-B947-4C44-A0D0-A33F7985BDB8}"
EndProject
Project("{9A19103F-16F7-4668-BE54-9A1E7A4F7556}") = "PriceTracker.Domain", "src\PriceTracker.Domain\PriceTracker.Domain.csproj", "{F8E7E30C-3C66-4DDF-9C9D-6AA65D0A9154}"
EndProject
Project("{9A19103F-16F7-4668-BE54-9A1E7A4F7556}") = "PriceTracker.Api.Application", "src\PriceTracker.Api.Application\PriceTracker.Api.Application.csproj", "{FA667CFD-FD9A-4541-AF56-1539F143DFBA}"
EndProject
Project("{2150E333-8FDC-42A3-9474-1A3956D46DE8}") = "src", "src", "{B614784C-7C25-4751-9695-77205C0C58DD}"
EndProject
Project("{2150E333-8FDC-42A3-9474-1A3956D46DE8}") = "tests", "tests", "{6A5C330F-5BE0-46F7-948F-A00CBDD5F825}"
EndProject
Project("{9A19103F-16F7-4668-BE54-9A1E7A4F7556}") = "PriceTracker.Api.Infrastructure", "src\PriceTracker.Api.Infrastructure\PriceTracker.Api.Infrastructure.csproj", "{22ADA63A-8D48-4751-9A0A-BE724ADDC768}"
EndProject
Project("{2150E333-8FDC-42A3-9474-1A3956D46DE8}") = "api", "api", "{D521B6AA-9163-4387-BB42-0E3DDEB00926}"
EndProject
Project("{2150E333-8FDC-42A3-9474-1A3956D46DE8}") = "scraper", "scraper", "{2E92112B-DA4F-4459-9793-509447DF28A0}"
EndProject
Project("{9A19103F-16F7-4668-BE54-9A1E7A4F7556}") = "PriceTracker.Scraper.Infrastructure", "src\PriceTracker.Scraper.Infrastructure\PriceTracker.Scraper.Infrastructure.csproj", "{A09D7A3C-2EF1-43E5-AA0E-D2263F0C2133}"
EndProject
Project("{9A19103F-16F7-4668-BE54-9A1E7A4F7556}") = "PriceTracker.Scraper", "src\PriceTracker.Scraper\PriceTracker.Scraper.csproj", "{0F372096-4630-4B25-9A39-E9299D266C12}"
EndProject
Project("{9A19103F-16F7-4668-BE54-9A1E7A4F7556}") = "PriceTracker.Shared.Infrastructure", "src\PriceTracker.Shared.Infrastructure\PriceTracker.Shared.Infrastructure.csproj", "{BB0F21F1-B2C3-4AD3-B628-74BA2C707F7F}"
EndProject
Project("{9A19103F-16F7-4668-BE54-9A1E7A4F7556}") = "PriceTracker.Shared.Application", "src\PriceTracker.Shared.Application\PriceTracker.Shared.Application.csproj", "{86FA2D6C-5EC9-470E-8F93-BDF9DE339DEC}"
EndProject
Project("{2150E333-8FDC-42A3-9474-1A3956D46DE8}") = "plugins", "plugins", "{3724B7F6-5953-4010-A0A6-3E636C70CFCF}"
EndProject
Project("{9A19103F-16F7-4668-BE54-9A1E7A4F7556}") = "PriceTracker.Plugins.Shared", "src\PriceTracker.Plugins.Shared\PriceTracker.Plugins.Shared.csproj", "{283D5DF9-40E4-415D-99FD-5E2D15948E39}"
EndProject
Project("{9A19103F-16F7-4668-BE54-9A1E7A4F7556}") = "PriceTracker.Plugins.XKom", "src\PriceTracker.Plugins.XKom\PriceTracker.Plugins.XKom.csproj", "{930DEFB2-0F11-44EA-844C-61345F746DF3}"
EndProject
Project("{9A19103F-16F7-4668-BE54-9A1E7A4F7556}") = "PriceTracker.Plugins.Morele", "src\PriceTracker.Plugins.Morele\PriceTracker.Plugins.Morele.csproj", "{8A1283D4-59F5-41D8-9086-9DC2A829A4BA}"
EndProject
Project("{9A19103F-16F7-4668-BE54-9A1E7A4F7556}") = "PriceTracker.Plugins", "src\Pricetracker.Plugins\PriceTracker.Plugins.csproj", "{4E02EDBB-FC98-42E2-B4AE-74EAB2A9FB0F}"
EndProject
Project("{2150E333-8FDC-42A3-9474-1A3956D46DE8}") = "shared", "shared", "{C907B23B-8EFF-4D6C-B24A-0DE35F627661}"
EndProject
Project("{2150E333-8FDC-42A3-9474-1A3956D46DE8}") = "interfaces", "interfaces", "{678E3AE1-9CB7-4875-B7D5-D041C810C996}"
EndProject
Project("{FAE04EC0-301F-11D3-BF4B-00C04F79EFBC}") = "PriceTracker.WinForms", "src\PriceTracker.WinForms\PriceTracker.WinForms.csproj", "{C274910E-A52F-4876-B838-15BAFBFFE641}"
EndProject
Global
	GlobalSection(SolutionConfigurationPlatforms) = preSolution
		Debug|Any CPU = Debug|Any CPU
		Debug-Scraper|Any CPU = Debug-Scraper|Any CPU
		Release|Any CPU = Release|Any CPU
		Release-Scraper|Any CPU = Release-Scraper|Any CPU
	EndGlobalSection
	GlobalSection(ProjectConfigurationPlatforms) = postSolution
		{299A3E24-2965-4E81-9BBE-E0263C8D35B3}.Debug|Any CPU.ActiveCfg = Debug|Any CPU
		{299A3E24-2965-4E81-9BBE-E0263C8D35B3}.Debug|Any CPU.Build.0 = Debug|Any CPU
		{299A3E24-2965-4E81-9BBE-E0263C8D35B3}.Debug-Scraper|Any CPU.ActiveCfg = Debug|Any CPU
		{299A3E24-2965-4E81-9BBE-E0263C8D35B3}.Debug-Scraper|Any CPU.Build.0 = Debug|Any CPU
		{299A3E24-2965-4E81-9BBE-E0263C8D35B3}.Release|Any CPU.ActiveCfg = Release|Any CPU
		{299A3E24-2965-4E81-9BBE-E0263C8D35B3}.Release|Any CPU.Build.0 = Release|Any CPU
		{299A3E24-2965-4E81-9BBE-E0263C8D35B3}.Release-Scraper|Any CPU.ActiveCfg = Release|Any CPU
		{299A3E24-2965-4E81-9BBE-E0263C8D35B3}.Release-Scraper|Any CPU.Build.0 = Release|Any CPU
		{6BA7E173-B947-4C44-A0D0-A33F7985BDB8}.Debug|Any CPU.ActiveCfg = Debug|Any CPU
		{6BA7E173-B947-4C44-A0D0-A33F7985BDB8}.Debug|Any CPU.Build.0 = Debug|Any CPU
		{6BA7E173-B947-4C44-A0D0-A33F7985BDB8}.Debug-Scraper|Any CPU.ActiveCfg = Debug|Any CPU
		{6BA7E173-B947-4C44-A0D0-A33F7985BDB8}.Debug-Scraper|Any CPU.Build.0 = Debug|Any CPU
		{6BA7E173-B947-4C44-A0D0-A33F7985BDB8}.Release|Any CPU.ActiveCfg = Release|Any CPU
		{6BA7E173-B947-4C44-A0D0-A33F7985BDB8}.Release|Any CPU.Build.0 = Release|Any CPU
		{6BA7E173-B947-4C44-A0D0-A33F7985BDB8}.Release-Scraper|Any CPU.ActiveCfg = Release|Any CPU
		{6BA7E173-B947-4C44-A0D0-A33F7985BDB8}.Release-Scraper|Any CPU.Build.0 = Release|Any CPU
		{F8E7E30C-3C66-4DDF-9C9D-6AA65D0A9154}.Debug|Any CPU.ActiveCfg = Debug|Any CPU
		{F8E7E30C-3C66-4DDF-9C9D-6AA65D0A9154}.Debug|Any CPU.Build.0 = Debug|Any CPU
		{F8E7E30C-3C66-4DDF-9C9D-6AA65D0A9154}.Debug-Scraper|Any CPU.ActiveCfg = Debug|Any CPU
		{F8E7E30C-3C66-4DDF-9C9D-6AA65D0A9154}.Debug-Scraper|Any CPU.Build.0 = Debug|Any CPU
		{F8E7E30C-3C66-4DDF-9C9D-6AA65D0A9154}.Release|Any CPU.ActiveCfg = Release|Any CPU
		{F8E7E30C-3C66-4DDF-9C9D-6AA65D0A9154}.Release|Any CPU.Build.0 = Release|Any CPU
		{F8E7E30C-3C66-4DDF-9C9D-6AA65D0A9154}.Release-Scraper|Any CPU.ActiveCfg = Release|Any CPU
		{F8E7E30C-3C66-4DDF-9C9D-6AA65D0A9154}.Release-Scraper|Any CPU.Build.0 = Release|Any CPU
		{FA667CFD-FD9A-4541-AF56-1539F143DFBA}.Debug|Any CPU.ActiveCfg = Debug|Any CPU
		{FA667CFD-FD9A-4541-AF56-1539F143DFBA}.Debug|Any CPU.Build.0 = Debug|Any CPU
		{FA667CFD-FD9A-4541-AF56-1539F143DFBA}.Debug-Scraper|Any CPU.ActiveCfg = Debug|Any CPU
		{FA667CFD-FD9A-4541-AF56-1539F143DFBA}.Release|Any CPU.ActiveCfg = Release|Any CPU
		{FA667CFD-FD9A-4541-AF56-1539F143DFBA}.Release|Any CPU.Build.0 = Release|Any CPU
		{FA667CFD-FD9A-4541-AF56-1539F143DFBA}.Release-Scraper|Any CPU.ActiveCfg = Release|Any CPU
		{22ADA63A-8D48-4751-9A0A-BE724ADDC768}.Debug|Any CPU.ActiveCfg = Debug|Any CPU
		{22ADA63A-8D48-4751-9A0A-BE724ADDC768}.Debug|Any CPU.Build.0 = Debug|Any CPU
		{22ADA63A-8D48-4751-9A0A-BE724ADDC768}.Debug-Scraper|Any CPU.ActiveCfg = Debug|Any CPU
		{22ADA63A-8D48-4751-9A0A-BE724ADDC768}.Release|Any CPU.ActiveCfg = Release|Any CPU
		{22ADA63A-8D48-4751-9A0A-BE724ADDC768}.Release|Any CPU.Build.0 = Release|Any CPU
		{22ADA63A-8D48-4751-9A0A-BE724ADDC768}.Release-Scraper|Any CPU.ActiveCfg = Release|Any CPU
		{A09D7A3C-2EF1-43E5-AA0E-D2263F0C2133}.Debug|Any CPU.ActiveCfg = Debug|Any CPU
		{A09D7A3C-2EF1-43E5-AA0E-D2263F0C2133}.Debug|Any CPU.Build.0 = Debug|Any CPU
		{A09D7A3C-2EF1-43E5-AA0E-D2263F0C2133}.Debug-Scraper|Any CPU.ActiveCfg = Debug|Any CPU
		{A09D7A3C-2EF1-43E5-AA0E-D2263F0C2133}.Debug-Scraper|Any CPU.Build.0 = Debug|Any CPU
		{A09D7A3C-2EF1-43E5-AA0E-D2263F0C2133}.Release|Any CPU.ActiveCfg = Release|Any CPU
		{A09D7A3C-2EF1-43E5-AA0E-D2263F0C2133}.Release|Any CPU.Build.0 = Release|Any CPU
		{A09D7A3C-2EF1-43E5-AA0E-D2263F0C2133}.Release-Scraper|Any CPU.ActiveCfg = Release|Any CPU
		{A09D7A3C-2EF1-43E5-AA0E-D2263F0C2133}.Release-Scraper|Any CPU.Build.0 = Release|Any CPU
		{0F372096-4630-4B25-9A39-E9299D266C12}.Debug|Any CPU.ActiveCfg = Debug|Any CPU
		{0F372096-4630-4B25-9A39-E9299D266C12}.Debug|Any CPU.Build.0 = Debug|Any CPU
		{0F372096-4630-4B25-9A39-E9299D266C12}.Debug-Scraper|Any CPU.ActiveCfg = Debug|Any CPU
		{0F372096-4630-4B25-9A39-E9299D266C12}.Debug-Scraper|Any CPU.Build.0 = Debug|Any CPU
		{0F372096-4630-4B25-9A39-E9299D266C12}.Release|Any CPU.ActiveCfg = Release|Any CPU
		{0F372096-4630-4B25-9A39-E9299D266C12}.Release|Any CPU.Build.0 = Release|Any CPU
		{0F372096-4630-4B25-9A39-E9299D266C12}.Release-Scraper|Any CPU.ActiveCfg = Release|Any CPU
		{0F372096-4630-4B25-9A39-E9299D266C12}.Release-Scraper|Any CPU.Build.0 = Release|Any CPU
		{BB0F21F1-B2C3-4AD3-B628-74BA2C707F7F}.Debug|Any CPU.ActiveCfg = Debug|Any CPU
		{BB0F21F1-B2C3-4AD3-B628-74BA2C707F7F}.Debug|Any CPU.Build.0 = Debug|Any CPU
		{BB0F21F1-B2C3-4AD3-B628-74BA2C707F7F}.Debug-Scraper|Any CPU.ActiveCfg = Debug|Any CPU
		{BB0F21F1-B2C3-4AD3-B628-74BA2C707F7F}.Debug-Scraper|Any CPU.Build.0 = Debug|Any CPU
		{BB0F21F1-B2C3-4AD3-B628-74BA2C707F7F}.Release|Any CPU.ActiveCfg = Release|Any CPU
		{BB0F21F1-B2C3-4AD3-B628-74BA2C707F7F}.Release|Any CPU.Build.0 = Release|Any CPU
		{BB0F21F1-B2C3-4AD3-B628-74BA2C707F7F}.Release-Scraper|Any CPU.ActiveCfg = Release|Any CPU
		{BB0F21F1-B2C3-4AD3-B628-74BA2C707F7F}.Release-Scraper|Any CPU.Build.0 = Release|Any CPU
		{86FA2D6C-5EC9-470E-8F93-BDF9DE339DEC}.Debug|Any CPU.ActiveCfg = Debug|Any CPU
		{86FA2D6C-5EC9-470E-8F93-BDF9DE339DEC}.Debug|Any CPU.Build.0 = Debug|Any CPU
		{86FA2D6C-5EC9-470E-8F93-BDF9DE339DEC}.Debug-Scraper|Any CPU.ActiveCfg = Debug|Any CPU
		{86FA2D6C-5EC9-470E-8F93-BDF9DE339DEC}.Debug-Scraper|Any CPU.Build.0 = Debug|Any CPU
		{86FA2D6C-5EC9-470E-8F93-BDF9DE339DEC}.Release|Any CPU.ActiveCfg = Release|Any CPU
		{86FA2D6C-5EC9-470E-8F93-BDF9DE339DEC}.Release|Any CPU.Build.0 = Release|Any CPU
		{86FA2D6C-5EC9-470E-8F93-BDF9DE339DEC}.Release-Scraper|Any CPU.ActiveCfg = Release|Any CPU
		{86FA2D6C-5EC9-470E-8F93-BDF9DE339DEC}.Release-Scraper|Any CPU.Build.0 = Release|Any CPU
		{283D5DF9-40E4-415D-99FD-5E2D15948E39}.Debug|Any CPU.ActiveCfg = Debug|Any CPU
		{283D5DF9-40E4-415D-99FD-5E2D15948E39}.Debug|Any CPU.Build.0 = Debug|Any CPU
		{283D5DF9-40E4-415D-99FD-5E2D15948E39}.Debug-Scraper|Any CPU.ActiveCfg = Debug|Any CPU
		{283D5DF9-40E4-415D-99FD-5E2D15948E39}.Debug-Scraper|Any CPU.Build.0 = Debug|Any CPU
		{283D5DF9-40E4-415D-99FD-5E2D15948E39}.Release|Any CPU.ActiveCfg = Release|Any CPU
		{283D5DF9-40E4-415D-99FD-5E2D15948E39}.Release|Any CPU.Build.0 = Release|Any CPU
		{283D5DF9-40E4-415D-99FD-5E2D15948E39}.Release-Scraper|Any CPU.ActiveCfg = Release|Any CPU
		{283D5DF9-40E4-415D-99FD-5E2D15948E39}.Release-Scraper|Any CPU.Build.0 = Release|Any CPU
		{930DEFB2-0F11-44EA-844C-61345F746DF3}.Debug|Any CPU.ActiveCfg = Debug|Any CPU
		{930DEFB2-0F11-44EA-844C-61345F746DF3}.Debug|Any CPU.Build.0 = Debug|Any CPU
		{930DEFB2-0F11-44EA-844C-61345F746DF3}.Debug-Scraper|Any CPU.ActiveCfg = Debug|Any CPU
		{930DEFB2-0F11-44EA-844C-61345F746DF3}.Debug-Scraper|Any CPU.Build.0 = Debug|Any CPU
		{930DEFB2-0F11-44EA-844C-61345F746DF3}.Release|Any CPU.ActiveCfg = Release|Any CPU
		{930DEFB2-0F11-44EA-844C-61345F746DF3}.Release|Any CPU.Build.0 = Release|Any CPU
		{930DEFB2-0F11-44EA-844C-61345F746DF3}.Release-Scraper|Any CPU.ActiveCfg = Release|Any CPU
		{930DEFB2-0F11-44EA-844C-61345F746DF3}.Release-Scraper|Any CPU.Build.0 = Release|Any CPU
		{8A1283D4-59F5-41D8-9086-9DC2A829A4BA}.Debug|Any CPU.ActiveCfg = Debug|Any CPU
		{8A1283D4-59F5-41D8-9086-9DC2A829A4BA}.Debug|Any CPU.Build.0 = Debug|Any CPU
		{8A1283D4-59F5-41D8-9086-9DC2A829A4BA}.Debug-Scraper|Any CPU.ActiveCfg = Debug|Any CPU
		{8A1283D4-59F5-41D8-9086-9DC2A829A4BA}.Debug-Scraper|Any CPU.Build.0 = Debug|Any CPU
		{8A1283D4-59F5-41D8-9086-9DC2A829A4BA}.Release|Any CPU.ActiveCfg = Release|Any CPU
		{8A1283D4-59F5-41D8-9086-9DC2A829A4BA}.Release|Any CPU.Build.0 = Release|Any CPU
		{8A1283D4-59F5-41D8-9086-9DC2A829A4BA}.Release-Scraper|Any CPU.ActiveCfg = Release|Any CPU
		{8A1283D4-59F5-41D8-9086-9DC2A829A4BA}.Release-Scraper|Any CPU.Build.0 = Release|Any CPU
		{4E02EDBB-FC98-42E2-B4AE-74EAB2A9FB0F}.Debug|Any CPU.ActiveCfg = Debug|Any CPU
		{4E02EDBB-FC98-42E2-B4AE-74EAB2A9FB0F}.Debug|Any CPU.Build.0 = Debug|Any CPU
		{4E02EDBB-FC98-42E2-B4AE-74EAB2A9FB0F}.Debug-Scraper|Any CPU.ActiveCfg = Debug|Any CPU
		{4E02EDBB-FC98-42E2-B4AE-74EAB2A9FB0F}.Debug-Scraper|Any CPU.Build.0 = Debug|Any CPU
		{4E02EDBB-FC98-42E2-B4AE-74EAB2A9FB0F}.Release|Any CPU.ActiveCfg = Release|Any CPU
		{4E02EDBB-FC98-42E2-B4AE-74EAB2A9FB0F}.Release|Any CPU.Build.0 = Release|Any CPU
		{4E02EDBB-FC98-42E2-B4AE-74EAB2A9FB0F}.Release-Scraper|Any CPU.ActiveCfg = Release|Any CPU
		{4E02EDBB-FC98-42E2-B4AE-74EAB2A9FB0F}.Release-Scraper|Any CPU.Build.0 = Release|Any CPU
		{C274910E-A52F-4876-B838-15BAFBFFE641}.Debug|Any CPU.ActiveCfg = Debug|Any CPU
		{C274910E-A52F-4876-B838-15BAFBFFE641}.Debug|Any CPU.Build.0 = Debug|Any CPU
		{C274910E-A52F-4876-B838-15BAFBFFE641}.Debug-Scraper|Any CPU.ActiveCfg = Debug|Any CPU
		{C274910E-A52F-4876-B838-15BAFBFFE641}.Debug-Scraper|Any CPU.Build.0 = Debug|Any CPU
		{C274910E-A52F-4876-B838-15BAFBFFE641}.Release|Any CPU.ActiveCfg = Release|Any CPU
		{C274910E-A52F-4876-B838-15BAFBFFE641}.Release|Any CPU.Build.0 = Release|Any CPU
		{C274910E-A52F-4876-B838-15BAFBFFE641}.Release-Scraper|Any CPU.ActiveCfg = Release|Any CPU
		{C274910E-A52F-4876-B838-15BAFBFFE641}.Release-Scraper|Any CPU.Build.0 = Release|Any CPU
	EndGlobalSection
	GlobalSection(SolutionProperties) = preSolution
		HideSolutionNode = FALSE
	EndGlobalSection
	GlobalSection(NestedProjects) = preSolution
		{299A3E24-2965-4E81-9BBE-E0263C8D35B3} = {2E92112B-DA4F-4459-9793-509447DF28A0}
		{6BA7E173-B947-4C44-A0D0-A33F7985BDB8} = {6A5C330F-5BE0-46F7-948F-A00CBDD5F825}
		{F8E7E30C-3C66-4DDF-9C9D-6AA65D0A9154} = {C907B23B-8EFF-4D6C-B24A-0DE35F627661}
		{FA667CFD-FD9A-4541-AF56-1539F143DFBA} = {D521B6AA-9163-4387-BB42-0E3DDEB00926}
		{22ADA63A-8D48-4751-9A0A-BE724ADDC768} = {D521B6AA-9163-4387-BB42-0E3DDEB00926}
		{D521B6AA-9163-4387-BB42-0E3DDEB00926} = {B614784C-7C25-4751-9695-77205C0C58DD}
		{2E92112B-DA4F-4459-9793-509447DF28A0} = {B614784C-7C25-4751-9695-77205C0C58DD}
		{A09D7A3C-2EF1-43E5-AA0E-D2263F0C2133} = {2E92112B-DA4F-4459-9793-509447DF28A0}
		{0F372096-4630-4B25-9A39-E9299D266C12} = {2E92112B-DA4F-4459-9793-509447DF28A0}
		{BB0F21F1-B2C3-4AD3-B628-74BA2C707F7F} = {C907B23B-8EFF-4D6C-B24A-0DE35F627661}
		{86FA2D6C-5EC9-470E-8F93-BDF9DE339DEC} = {C907B23B-8EFF-4D6C-B24A-0DE35F627661}
		{3724B7F6-5953-4010-A0A6-3E636C70CFCF} = {B614784C-7C25-4751-9695-77205C0C58DD}
		{283D5DF9-40E4-415D-99FD-5E2D15948E39} = {3724B7F6-5953-4010-A0A6-3E636C70CFCF}
		{930DEFB2-0F11-44EA-844C-61345F746DF3} = {3724B7F6-5953-4010-A0A6-3E636C70CFCF}
		{8A1283D4-59F5-41D8-9086-9DC2A829A4BA} = {3724B7F6-5953-4010-A0A6-3E636C70CFCF}
		{4E02EDBB-FC98-42E2-B4AE-74EAB2A9FB0F} = {3724B7F6-5953-4010-A0A6-3E636C70CFCF}
		{C907B23B-8EFF-4D6C-B24A-0DE35F627661} = {B614784C-7C25-4751-9695-77205C0C58DD}
		{678E3AE1-9CB7-4875-B7D5-D041C810C996} = {B614784C-7C25-4751-9695-77205C0C58DD}
		{C274910E-A52F-4876-B838-15BAFBFFE641} = {678E3AE1-9CB7-4875-B7D5-D041C810C996}
	EndGlobalSection
	GlobalSection(ExtensibilityGlobals) = postSolution
		SolutionGuid = {F072A7C6-029E-4198-9640-B061B52E2EE6}
	EndGlobalSection
EndGlobal
